
Microsoft Visual Studio Solution File, Format Version 12.00
# Visual Studio Version 16
VisualStudioVersion = 16.0.31005.135
MinimumVisualStudioVersion = 10.0.40219.1
Project("{9A19103F-16F7-4668-BE54-9A1E7A4F7556}") = "PopeyesRolesMod", "PopeyesRolesMod\PopeyesRolesMod.csproj", "{8B71C583-ADCD-4303-8C98-B82E75907A04}"
EndProject
Project("{FAE04EC0-301F-11D3-BF4B-00C04F79EFBC}") = "PopeyesModInstaller", "PopeyesModInstaller\PopeyesModInstaller.csproj", "{D29F07DC-D634-4CFA-A4D9-D6F15D1C7F4B}"
EndProject
Project("{2150E333-8FDC-42A3-9474-1A3956D46DE8}") = "Installer", "Installer", "{42503F83-73BE-496F-8959-EA8EF9BF3F3C}"
EndProject
Project("{9A19103F-16F7-4668-BE54-9A1E7A4F7556}") = "Essentials", "Essentials\Essentials\Essentials.csproj", "{70814B52-DEE1-425A-BDE4-35A5D322AAAC}"
EndProject
Project("{9A19103F-16F7-4668-BE54-9A1E7A4F7556}") = "Reactor", "Reactor\Reactor\Reactor.csproj", "{428D985E-F852-4EF8-933C-0E4943F89BDA}"
EndProject
Global
	GlobalSection(SolutionConfigurationPlatforms) = preSolution
		Debug|Any CPU = Debug|Any CPU
		Debug|x86 = Debug|x86
		Release|Any CPU = Release|Any CPU
		Release|x86 = Release|x86
	EndGlobalSection
	GlobalSection(ProjectConfigurationPlatforms) = postSolution
		{8B71C583-ADCD-4303-8C98-B82E75907A04}.Debug|Any CPU.ActiveCfg = Debug|Any CPU
		{8B71C583-ADCD-4303-8C98-B82E75907A04}.Debug|Any CPU.Build.0 = Debug|Any CPU
		{8B71C583-ADCD-4303-8C98-B82E75907A04}.Debug|x86.ActiveCfg = Debug|Any CPU
		{8B71C583-ADCD-4303-8C98-B82E75907A04}.Debug|x86.Build.0 = Debug|Any CPU
		{8B71C583-ADCD-4303-8C98-B82E75907A04}.Release|Any CPU.ActiveCfg = Release|Any CPU
		{8B71C583-ADCD-4303-8C98-B82E75907A04}.Release|Any CPU.Build.0 = Release|Any CPU
		{8B71C583-ADCD-4303-8C98-B82E75907A04}.Release|x86.ActiveCfg = Release|Any CPU
		{8B71C583-ADCD-4303-8C98-B82E75907A04}.Release|x86.Build.0 = Release|Any CPU
		{D29F07DC-D634-4CFA-A4D9-D6F15D1C7F4B}.Debug|Any CPU.ActiveCfg = Debug|x86
		{D29F07DC-D634-4CFA-A4D9-D6F15D1C7F4B}.Debug|x86.ActiveCfg = Debug|x86
		{D29F07DC-D634-4CFA-A4D9-D6F15D1C7F4B}.Debug|x86.Build.0 = Debug|x86
		{D29F07DC-D634-4CFA-A4D9-D6F15D1C7F4B}.Release|Any CPU.ActiveCfg = Release|x86
		{D29F07DC-D634-4CFA-A4D9-D6F15D1C7F4B}.Release|Any CPU.Build.0 = Release|x86
		{D29F07DC-D634-4CFA-A4D9-D6F15D1C7F4B}.Release|x86.ActiveCfg = Release|x86
		{D29F07DC-D634-4CFA-A4D9-D6F15D1C7F4B}.Release|x86.Build.0 = Release|x86
		{70814B52-DEE1-425A-BDE4-35A5D322AAAC}.Debug|Any CPU.ActiveCfg = Release|Any CPU
		{70814B52-DEE1-425A-BDE4-35A5D322AAAC}.Debug|Any CPU.Build.0 = Release|Any CPU
		{70814B52-DEE1-425A-BDE4-35A5D322AAAC}.Debug|x86.ActiveCfg = Release|Any CPU
		{70814B52-DEE1-425A-BDE4-35A5D322AAAC}.Debug|x86.Build.0 = Release|Any CPU
		{70814B52-DEE1-425A-BDE4-35A5D322AAAC}.Release|Any CPU.ActiveCfg = Release|Any CPU
		{70814B52-DEE1-425A-BDE4-35A5D322AAAC}.Release|Any CPU.Build.0 = Release|Any CPU
		{70814B52-DEE1-425A-BDE4-35A5D322AAAC}.Release|x86.ActiveCfg = Release|Any CPU
		{70814B52-DEE1-425A-BDE4-35A5D322AAAC}.Release|x86.Build.0 = Release|Any CPU
		{428D985E-F852-4EF8-933C-0E4943F89BDA}.Debug|Any CPU.ActiveCfg = Release|Any CPU
		{428D985E-F852-4EF8-933C-0E4943F89BDA}.Debug|Any CPU.Build.0 = Release|Any CPU
		{428D985E-F852-4EF8-933C-0E4943F89BDA}.Debug|x86.ActiveCfg = Release|Any CPU
		{428D985E-F852-4EF8-933C-0E4943F89BDA}.Debug|x86.Build.0 = Release|Any CPU
		{428D985E-F852-4EF8-933C-0E4943F89BDA}.Release|Any CPU.ActiveCfg = Release|Any CPU
		{428D985E-F852-4EF8-933C-0E4943F89BDA}.Release|Any CPU.Build.0 = Release|Any CPU
		{428D985E-F852-4EF8-933C-0E4943F89BDA}.Release|x86.ActiveCfg = Release|Any CPU
		{428D985E-F852-4EF8-933C-0E4943F89BDA}.Release|x86.Build.0 = Release|Any CPU
	EndGlobalSection
	GlobalSection(SolutionProperties) = preSolution
		HideSolutionNode = FALSE
	EndGlobalSection
	GlobalSection(NestedProjects) = preSolution
		{D29F07DC-D634-4CFA-A4D9-D6F15D1C7F4B} = {42503F83-73BE-496F-8959-EA8EF9BF3F3C}
	EndGlobalSection
	GlobalSection(ExtensibilityGlobals) = postSolution
		SolutionGuid = {D9774E20-90FF-480C-AF6E-D3D7D8559C58}
	EndGlobalSection
EndGlobal
